
Microsoft Visual Studio Solution File, Format Version 12.00
# Visual Studio Version 17
VisualStudioVersion = 17.5.002.0
MinimumVisualStudioVersion = 10.0.40219.1
Project("{9A19103F-16F7-4668-BE54-9A1E7A4F7556}") = "API", "API.csproj", "{CAAAA500-8249-435B-AC8E-7BFD1DFFB68C}"
EndProject
Global
	GlobalSection(SolutionConfigurationPlatforms) = preSolution
		Debug|Any CPU = Debug|Any CPU
		Release|Any CPU = Release|Any CPU
	EndGlobalSection
	GlobalSection(ProjectConfigurationPlatforms) = postSolution
		{CAAAA500-8249-435B-AC8E-7BFD1DFFB68C}.Debug|Any CPU.ActiveCfg = Debug|Any CPU
		{CAAAA500-8249-435B-AC8E-7BFD1DFFB68C}.Debug|Any CPU.Build.0 = Debug|Any CPU
		{CAAAA500-8249-435B-AC8E-7BFD1DFFB68C}.Release|Any CPU.ActiveCfg = Release|Any CPU
		{CAAAA500-8249-435B-AC8E-7BFD1DFFB68C}.Release|Any CPU.Build.0 = Release|Any CPU
	EndGlobalSection
	GlobalSection(SolutionProperties) = preSolution
		HideSolutionNode = FALSE
	EndGlobalSection
	GlobalSection(ExtensibilityGlobals) = postSolution
		SolutionGuid = {38DA4FAA-ACD8-4FB2-A073-B27286A19136}
	EndGlobalSection
EndGlobal
